
Microsoft Visual Studio Solution File, Format Version 12.00
# Visual Studio 15
VisualStudioVersion = 15.0.27130.2024
MinimumVisualStudioVersion = 10.0.40219.1
Project("{FAE04EC0-301F-11D3-BF4B-00C04F79EFBC}") = "Citicon.Inventory", "Citicon.Inventory\Citicon.Inventory.csproj", "{F0AB7BD6-170B-4684-A2A8-B92135553FED}"
EndProject
Project("{FAE04EC0-301F-11D3-BF4B-00C04F79EFBC}") = "Citicon.Payables", "Citicon.Payables\Citicon.Payables.csproj", "{49D9292F-8B52-4DD0-BB09-B78EDE27148E}"
EndProject
Project("{FAE04EC0-301F-11D3-BF4B-00C04F79EFBC}") = "Citicon", "Citicon\Citicon.csproj", "{CEC456EF-E300-48B1-9FC5-EC6E6EC46DF0}"
EndProject
Project("{FAE04EC0-301F-11D3-BF4B-00C04F79EFBC}") = "Citicon.DesktopClient.Common", "Citicon.DesktopClient.Common\Citicon.DesktopClient.Common.csproj", "{86CA8ADF-ECFE-44A4-9BE3-EDF2EFD58BCE}"
EndProject
Project("{FAE04EC0-301F-11D3-BF4B-00C04F79EFBC}") = "Citicon.DesktopClient.QuotationApproval", "Citicon.DesktopClient.QuotationApproval\Citicon.DesktopClient.QuotationApproval.csproj", "{B83A8476-03A9-4932-B0CF-499B4D727373}"
EndProject
Project("{FAE04EC0-301F-11D3-BF4B-00C04F79EFBC}") = "Citicon.CommonUi", "Citicon.CommonUi\Citicon.CommonUi.csproj", "{512DAC34-6163-46EB-B85A-2AEA9FABFA9F}"
EndProject
Project("{FAE04EC0-301F-11D3-BF4B-00C04F79EFBC}") = "Citicon.TimeLog", "Citicon.TimeLog\Citicon.TimeLog.csproj", "{E0AA12DE-3217-4559-B4A1-AAB6923F6720}"
EndProject
Project("{FAE04EC0-301F-11D3-BF4B-00C04F79EFBC}") = "Citicon.TimeLogEnrollment", "Citicon.TimeLogEnrollment\Citicon.TimeLogEnrollment.csproj", "{658CB9A6-DEEA-4A9B-A409-F78920114219}"
EndProject
Project("{FAE04EC0-301F-11D3-BF4B-00C04F79EFBC}") = "Citicon.DeliveryApplication", "Citicon.DeliveryApplication\Citicon.DeliveryApplication.csproj", "{BA3A0432-9C8D-4688-8810-8FF2C08D050B}"
EndProject
Project("{FAE04EC0-301F-11D3-BF4B-00C04F79EFBC}") = "Citicon.Inventory.IncomingStocksApplication", "Citicon.Inventory.IncomingStocksApplication\Citicon.Inventory.IncomingStocksApplication.csproj", "{8158E83B-7511-488A-BC1A-B5793B63500F}"
EndProject
Project("{FAE04EC0-301F-11D3-BF4B-00C04F79EFBC}") = "Citicon.QuotationApplication", "Citicon.QuotationApplication\Citicon.QuotationApplication.csproj", "{380B66CE-DCD2-431E-923B-BE7EC9FCE364}"
EndProject
Project("{FAE04EC0-301F-11D3-BF4B-00C04F79EFBC}") = "Citicon.BillingApplication", "Citicon.BillingApplication\Citicon.BillingApplication.csproj", "{A75244BF-E5B9-4BA7-931C-CECDBDC47D6E}"
EndProject
Project("{FAE04EC0-301F-11D3-BF4B-00C04F79EFBC}") = "Citicon.HumanResourceApplication", "Citicon.HumanResourceApplication\Citicon.HumanResourceApplication.csproj", "{7A9395F8-451E-4A3B-B27D-24E511B14EAE}"
EndProject
Project("{FAE04EC0-301F-11D3-BF4B-00C04F79EFBC}") = "Citicon.PayrollApplication", "Citicon.PayrollApplication\Citicon.PayrollApplication.csproj", "{FDA3F157-3EFF-4482-8F7E-DF86099AB58E}"
EndProject
Project("{2150E333-8FDC-42A3-9474-1A3956D46DE8}") = "Client Apps", "Client Apps", "{35717519-16C0-40BF-849E-8FC12546D7C7}"
EndProject
Project("{2150E333-8FDC-42A3-9474-1A3956D46DE8}") = "Assemblies", "Assemblies", "{E9D5CBF6-92AA-4164-96A0-A80394E9A83E}"
EndProject
Global
	GlobalSection(SolutionConfigurationPlatforms) = preSolution
		Debug|Any CPU = Debug|Any CPU
		Release|Any CPU = Release|Any CPU
	EndGlobalSection
	GlobalSection(ProjectConfigurationPlatforms) = postSolution
		{F0AB7BD6-170B-4684-A2A8-B92135553FED}.Debug|Any CPU.ActiveCfg = Debug|Any CPU
		{F0AB7BD6-170B-4684-A2A8-B92135553FED}.Debug|Any CPU.Build.0 = Debug|Any CPU
		{F0AB7BD6-170B-4684-A2A8-B92135553FED}.Release|Any CPU.ActiveCfg = Release|Any CPU
		{F0AB7BD6-170B-4684-A2A8-B92135553FED}.Release|Any CPU.Build.0 = Release|Any CPU
		{49D9292F-8B52-4DD0-BB09-B78EDE27148E}.Debug|Any CPU.ActiveCfg = Debug|Any CPU
		{49D9292F-8B52-4DD0-BB09-B78EDE27148E}.Debug|Any CPU.Build.0 = Debug|Any CPU
		{49D9292F-8B52-4DD0-BB09-B78EDE27148E}.Release|Any CPU.ActiveCfg = Release|Any CPU
		{49D9292F-8B52-4DD0-BB09-B78EDE27148E}.Release|Any CPU.Build.0 = Release|Any CPU
		{CEC456EF-E300-48B1-9FC5-EC6E6EC46DF0}.Debug|Any CPU.ActiveCfg = Debug|Any CPU
		{CEC456EF-E300-48B1-9FC5-EC6E6EC46DF0}.Debug|Any CPU.Build.0 = Debug|Any CPU
		{CEC456EF-E300-48B1-9FC5-EC6E6EC46DF0}.Release|Any CPU.ActiveCfg = Release|Any CPU
		{CEC456EF-E300-48B1-9FC5-EC6E6EC46DF0}.Release|Any CPU.Build.0 = Release|Any CPU
		{86CA8ADF-ECFE-44A4-9BE3-EDF2EFD58BCE}.Debug|Any CPU.ActiveCfg = Debug|Any CPU
		{86CA8ADF-ECFE-44A4-9BE3-EDF2EFD58BCE}.Debug|Any CPU.Build.0 = Debug|Any CPU
		{86CA8ADF-ECFE-44A4-9BE3-EDF2EFD58BCE}.Release|Any CPU.ActiveCfg = Release|Any CPU
		{86CA8ADF-ECFE-44A4-9BE3-EDF2EFD58BCE}.Release|Any CPU.Build.0 = Release|Any CPU
		{B83A8476-03A9-4932-B0CF-499B4D727373}.Debug|Any CPU.ActiveCfg = Debug|Any CPU
		{B83A8476-03A9-4932-B0CF-499B4D727373}.Debug|Any CPU.Build.0 = Debug|Any CPU
		{B83A8476-03A9-4932-B0CF-499B4D727373}.Release|Any CPU.ActiveCfg = Release|Any CPU
		{B83A8476-03A9-4932-B0CF-499B4D727373}.Release|Any CPU.Build.0 = Release|Any CPU
		{512DAC34-6163-46EB-B85A-2AEA9FABFA9F}.Debug|Any CPU.ActiveCfg = Debug|Any CPU
		{512DAC34-6163-46EB-B85A-2AEA9FABFA9F}.Debug|Any CPU.Build.0 = Debug|Any CPU
		{512DAC34-6163-46EB-B85A-2AEA9FABFA9F}.Release|Any CPU.ActiveCfg = Release|Any CPU
		{512DAC34-6163-46EB-B85A-2AEA9FABFA9F}.Release|Any CPU.Build.0 = Release|Any CPU
		{E0AA12DE-3217-4559-B4A1-AAB6923F6720}.Debug|Any CPU.ActiveCfg = Debug|Any CPU
		{E0AA12DE-3217-4559-B4A1-AAB6923F6720}.Debug|Any CPU.Build.0 = Debug|Any CPU
		{E0AA12DE-3217-4559-B4A1-AAB6923F6720}.Release|Any CPU.ActiveCfg = Release|Any CPU
		{E0AA12DE-3217-4559-B4A1-AAB6923F6720}.Release|Any CPU.Build.0 = Release|Any CPU
		{658CB9A6-DEEA-4A9B-A409-F78920114219}.Debug|Any CPU.ActiveCfg = Debug|Any CPU
		{658CB9A6-DEEA-4A9B-A409-F78920114219}.Debug|Any CPU.Build.0 = Debug|Any CPU
		{658CB9A6-DEEA-4A9B-A409-F78920114219}.Release|Any CPU.ActiveCfg = Release|Any CPU
		{658CB9A6-DEEA-4A9B-A409-F78920114219}.Release|Any CPU.Build.0 = Release|Any CPU
		{BA3A0432-9C8D-4688-8810-8FF2C08D050B}.Debug|Any CPU.ActiveCfg = Debug|Any CPU
		{BA3A0432-9C8D-4688-8810-8FF2C08D050B}.Debug|Any CPU.Build.0 = Debug|Any CPU
		{BA3A0432-9C8D-4688-8810-8FF2C08D050B}.Release|Any CPU.ActiveCfg = Release|Any CPU
		{BA3A0432-9C8D-4688-8810-8FF2C08D050B}.Release|Any CPU.Build.0 = Release|Any CPU
		{8158E83B-7511-488A-BC1A-B5793B63500F}.Debug|Any CPU.ActiveCfg = Debug|Any CPU
		{8158E83B-7511-488A-BC1A-B5793B63500F}.Debug|Any CPU.Build.0 = Debug|Any CPU
		{8158E83B-7511-488A-BC1A-B5793B63500F}.Release|Any CPU.ActiveCfg = Release|Any CPU
		{8158E83B-7511-488A-BC1A-B5793B63500F}.Release|Any CPU.Build.0 = Release|Any CPU
		{380B66CE-DCD2-431E-923B-BE7EC9FCE364}.Debug|Any CPU.ActiveCfg = Debug|Any CPU
		{380B66CE-DCD2-431E-923B-BE7EC9FCE364}.Debug|Any CPU.Build.0 = Debug|Any CPU
		{380B66CE-DCD2-431E-923B-BE7EC9FCE364}.Release|Any CPU.ActiveCfg = Release|Any CPU
		{380B66CE-DCD2-431E-923B-BE7EC9FCE364}.Release|Any CPU.Build.0 = Release|Any CPU
		{A75244BF-E5B9-4BA7-931C-CECDBDC47D6E}.Debug|Any CPU.ActiveCfg = Debug|Any CPU
		{A75244BF-E5B9-4BA7-931C-CECDBDC47D6E}.Debug|Any CPU.Build.0 = Debug|Any CPU
		{A75244BF-E5B9-4BA7-931C-CECDBDC47D6E}.Release|Any CPU.ActiveCfg = Release|Any CPU
		{A75244BF-E5B9-4BA7-931C-CECDBDC47D6E}.Release|Any CPU.Build.0 = Release|Any CPU
		{7A9395F8-451E-4A3B-B27D-24E511B14EAE}.Debug|Any CPU.ActiveCfg = Debug|Any CPU
		{7A9395F8-451E-4A3B-B27D-24E511B14EAE}.Debug|Any CPU.Build.0 = Debug|Any CPU
		{7A9395F8-451E-4A3B-B27D-24E511B14EAE}.Release|Any CPU.ActiveCfg = Release|Any CPU
		{7A9395F8-451E-4A3B-B27D-24E511B14EAE}.Release|Any CPU.Build.0 = Release|Any CPU
		{FDA3F157-3EFF-4482-8F7E-DF86099AB58E}.Debug|Any CPU.ActiveCfg = Debug|Any CPU
		{FDA3F157-3EFF-4482-8F7E-DF86099AB58E}.Debug|Any CPU.Build.0 = Debug|Any CPU
		{FDA3F157-3EFF-4482-8F7E-DF86099AB58E}.Release|Any CPU.ActiveCfg = Release|Any CPU
		{FDA3F157-3EFF-4482-8F7E-DF86099AB58E}.Release|Any CPU.Build.0 = Release|Any CPU
	EndGlobalSection
	GlobalSection(SolutionProperties) = preSolution
		HideSolutionNode = FALSE
	EndGlobalSection
	GlobalSection(NestedProjects) = preSolution
		{F0AB7BD6-170B-4684-A2A8-B92135553FED} = {35717519-16C0-40BF-849E-8FC12546D7C7}
		{49D9292F-8B52-4DD0-BB09-B78EDE27148E} = {35717519-16C0-40BF-849E-8FC12546D7C7}
		{CEC456EF-E300-48B1-9FC5-EC6E6EC46DF0} = {E9D5CBF6-92AA-4164-96A0-A80394E9A83E}
		{86CA8ADF-ECFE-44A4-9BE3-EDF2EFD58BCE} = {E9D5CBF6-92AA-4164-96A0-A80394E9A83E}
		{B83A8476-03A9-4932-B0CF-499B4D727373} = {35717519-16C0-40BF-849E-8FC12546D7C7}
		{512DAC34-6163-46EB-B85A-2AEA9FABFA9F} = {E9D5CBF6-92AA-4164-96A0-A80394E9A83E}
		{E0AA12DE-3217-4559-B4A1-AAB6923F6720} = {35717519-16C0-40BF-849E-8FC12546D7C7}
		{658CB9A6-DEEA-4A9B-A409-F78920114219} = {35717519-16C0-40BF-849E-8FC12546D7C7}
		{BA3A0432-9C8D-4688-8810-8FF2C08D050B} = {35717519-16C0-40BF-849E-8FC12546D7C7}
		{8158E83B-7511-488A-BC1A-B5793B63500F} = {35717519-16C0-40BF-849E-8FC12546D7C7}
		{380B66CE-DCD2-431E-923B-BE7EC9FCE364} = {35717519-16C0-40BF-849E-8FC12546D7C7}
		{A75244BF-E5B9-4BA7-931C-CECDBDC47D6E} = {35717519-16C0-40BF-849E-8FC12546D7C7}
		{7A9395F8-451E-4A3B-B27D-24E511B14EAE} = {35717519-16C0-40BF-849E-8FC12546D7C7}
		{FDA3F157-3EFF-4482-8F7E-DF86099AB58E} = {35717519-16C0-40BF-849E-8FC12546D7C7}
	EndGlobalSection
	GlobalSection(ExtensibilityGlobals) = postSolution
		SolutionGuid = {D181BF99-70CB-4A12-B94A-1C72523B4F98}
	EndGlobalSection
EndGlobal
